
Microsoft Visual Studio Solution File, Format Version 12.00
# Visual Studio Version 17
VisualStudioVersion = 17.3.32901.215
MinimumVisualStudioVersion = 10.0.40219.1
Project("{FAE04EC0-301F-11D3-BF4B-00C04F79EFBC}") = "SmartBar", "SmartBar\SmartBar.csproj", "{DC9709C1-A766-4EC9-81DB-32E0B46DD154}"
EndProject
Global
	GlobalSection(SolutionConfigurationPlatforms) = preSolution
		Debug|Any CPU = Debug|Any CPU
		Release|Any CPU = Release|Any CPU
	EndGlobalSection
	GlobalSection(ProjectConfigurationPlatforms) = postSolution
		{DC9709C1-A766-4EC9-81DB-32E0B46DD154}.Debug|Any CPU.ActiveCfg = Debug|Any CPU
		{DC9709C1-A766-4EC9-81DB-32E0B46DD154}.Debug|Any CPU.Build.0 = Debug|Any CPU
		{DC9709C1-A766-4EC9-81DB-32E0B46DD154}.Release|Any CPU.ActiveCfg = Release|Any CPU
		{DC9709C1-A766-4EC9-81DB-32E0B46DD154}.Release|Any CPU.Build.0 = Release|Any CPU
	EndGlobalSection
	GlobalSection(SolutionProperties) = preSolution
		HideSolutionNode = FALSE
	EndGlobalSection
	GlobalSection(ExtensibilityGlobals) = postSolution
		SolutionGuid = {015984C7-22F2-477C-B52F-5CE300776456}
	EndGlobalSection
EndGlobal
